// !$*UTF8*$!
{
	archiveVersion = 1;
	classes = {
	};
	objectVersion = 50;
	objects = {

/* Begin PBXBuildFile section */
		680DAC14240A1C3500983187 /* AppDelegate.swift in Sources */ = {isa = PBXBuildFile; fileRef = 680DAC13240A1C3500983187 /* AppDelegate.swift */; };
		680DAC16240A1C3500983187 /* ViewController.swift in Sources */ = {isa = PBXBuildFile; fileRef = 680DAC15240A1C3500983187 /* ViewController.swift */; };
		680DAC1B240A1C3600983187 /* Assets.xcassets in Resources */ = {isa = PBXBuildFile; fileRef = 680DAC1A240A1C3600983187 /* Assets.xcassets */; };
		680DAC26240A1F2400983187 /* AlbumCell.swift in Sources */ = {isa = PBXBuildFile; fileRef = 680DAC25240A1F2400983187 /* AlbumCell.swift */; };
		680DAC28240A4B7400983187 /* Album.swift in Sources */ = {isa = PBXBuildFile; fileRef = 680DAC27240A4B7400983187 /* Album.swift */; };
		680DAC2A240A4E6000983187 /* ServiceManager.swift in Sources */ = {isa = PBXBuildFile; fileRef = 680DAC29240A4E6000983187 /* ServiceManager.swift */; };
		680DAC2C240A5E7F00983187 /* DetailViewController.swift in Sources */ = {isa = PBXBuildFile; fileRef = 680DAC2B240A5E7F00983187 /* DetailViewController.swift */; };
/* End PBXBuildFile section */

/* Begin PBXFileReference section */
		680DAC10240A1C3500983187 /* AppleMusicSample.app */ = {isa = PBXFileReference; explicitFileType = wrapper.application; includeInIndex = 0; path = AppleMusicSample.app; sourceTree = BUILT_PRODUCTS_DIR; };
		680DAC13240A1C3500983187 /* AppDelegate.swift */ = {isa = PBXFileReference; lastKnownFileType = sourcecode.swift; path = AppDelegate.swift; sourceTree = "<group>"; };
		680DAC15240A1C3500983187 /* ViewController.swift */ = {isa = PBXFileReference; lastKnownFileType = sourcecode.swift; path = ViewController.swift; sourceTree = "<group>"; };
		680DAC1A240A1C3600983187 /* Assets.xcassets */ = {isa = PBXFileReference; lastKnownFileType = folder.assetcatalog; path = Assets.xcassets; sourceTree = "<group>"; };
		680DAC1F240A1C3600983187 /* Info.plist */ = {isa = PBXFileReference; lastKnownFileType = text.plist.xml; path = Info.plist; sourceTree = "<group>"; };
		680DAC25240A1F2400983187 /* AlbumCell.swift */ = {isa = PBXFileReference; lastKnownFileType = sourcecode.swift; path = AlbumCell.swift; sourceTree = "<group>"; };
		680DAC27240A4B7400983187 /* Album.swift */ = {isa = PBXFileReference; lastKnownFileType = sourcecode.swift; path = Album.swift; sourceTree = "<group>"; };
		680DAC29240A4E6000983187 /* ServiceManager.swift */ = {isa = PBXFileReference; lastKnownFileType = sourcecode.swift; path = ServiceManager.swift; sourceTree = "<group>"; };
		680DAC2B240A5E7F00983187 /* DetailViewController.swift */ = {isa = PBXFileReference; lastKnownFileType = sourcecode.swift; path = DetailViewController.swift; sourceTree = "<group>"; };
/* End PBXFileReference section */

/* Begin PBXFrameworksBuildPhase section */
		680DAC0D240A1C3500983187 /* Frameworks */ = {
			isa = PBXFrameworksBuildPhase;
			buildActionMask = 2147483647;
			files = (
			);
			runOnlyForDeploymentPostprocessing = 0;
		};
/* End PBXFrameworksBuildPhase section */

/* Begin PBXGroup section */
		680DAC07240A1C3500983187 = {
			isa = PBXGroup;
			children = (
				680DAC12240A1C3500983187 /* AppleMusicSample */,
				680DAC11240A1C3500983187 /* Products */,
			);
			sourceTree = "<group>";
		};
		680DAC11240A1C3500983187 /* Products */ = {
			isa = PBXGroup;
			children = (
				680DAC10240A1C3500983187 /* AppleMusicSample.app */,
			);
			name = Products;
			sourceTree = "<group>";
		};
		680DAC12240A1C3500983187 /* AppleMusicSample */ = {
			isa = PBXGroup;
			children = (
				680DAC13240A1C3500983187 /* AppDelegate.swift */,
				680DAC15240A1C3500983187 /* ViewController.swift */,
				680DAC2B240A5E7F00983187 /* DetailViewController.swift */,
				680DAC29240A4E6000983187 /* ServiceManager.swift */,
				680DAC25240A1F2400983187 /* AlbumCell.swift */,
				680DAC27240A4B7400983187 /* Album.swift */,
				680DAC1A240A1C3600983187 /* Assets.xcassets */,
				680DAC1F240A1C3600983187 /* Info.plist */,
			);
			path = AppleMusicSample;
			sourceTree = "<group>";
		};
/* End PBXGroup section */

/* Begin PBXNativeTarget section */
		680DAC0F240A1C3500983187 /* AppleMusicSample */ = {
			isa = PBXNativeTarget;
			buildConfigurationList = 680DAC22240A1C3600983187 /* Build configuration list for PBXNativeTarget "AppleMusicSample" */;
			buildPhases = (
				680DAC0C240A1C3500983187 /* Sources */,
				680DAC0D240A1C3500983187 /* Frameworks */,
				680DAC0E240A1C3500983187 /* Resources */,
			);
			buildRules = (
			);
			dependencies = (
			);
			name = AppleMusicSample;
			productName = AppleMusicSample;
			productReference = 680DAC10240A1C3500983187 /* AppleMusicSample.app */;
			productType = "com.apple.product-type.application";
		};
/* End PBXNativeTarget section */

/* Begin PBXProject section */
		680DAC08240A1C3500983187 /* Project object */ = {
			isa = PBXProject;
			attributes = {
				LastSwiftUpdateCheck = 1020;
				LastUpgradeCheck = 1020;
				ORGANIZATIONNAME = "Karthik Shyadanhalli Madeve Gowda";
				TargetAttributes = {
					680DAC0F240A1C3500983187 = {
						CreatedOnToolsVersion = 10.2.1;
					};
				};
			};
			buildConfigurationList = 680DAC0B240A1C3500983187 /* Build configuration list for PBXProject "AppleMusicSample" */;
			compatibilityVersion = "Xcode 9.3";
			developmentRegion = en;
			hasScannedForEncodings = 0;
			knownRegions = (
				en,
				Base,
			);
			mainGroup = 680DAC07240A1C3500983187;
			productRefGroup = 680DAC11240A1C3500983187 /* Products */;
			projectDirPath = "";
			projectRoot = "";
			targets = (
				680DAC0F240A1C3500983187 /* AppleMusicSample */,
			);
		};
/* End PBXProject section */

/* Begin PBXResourcesBuildPhase section */
		680DAC0E240A1C3500983187 /* Resources */ = {
			isa = PBXResourcesBuildPhase;
			buildActionMask = 2147483647;
			files = (
				680DAC1B240A1C3600983187 /* Assets.xcassets in Resources */,
			);
			runOnlyForDeploymentPostprocessing = 0;
		};
/* End PBXResourcesBuildPhase section */

/* Begin PBXSourcesBuildPhase section */
		680DAC0C240A1C3500983187 /* Sources */ = {
			isa = PBXSourcesBuildPhase;
			buildActionMask = 2147483647;
			files = (
				680DAC16240A1C3500983187 /* ViewController.swift in Sources */,
				680DAC14240A1C3500983187 /* AppDelegate.swift in Sources */,
				680DAC26240A1F2400983187 /* AlbumCell.swift in Sources */,
				680DAC2C240A5E7F00983187 /* DetailViewController.swift in Sources */,
				680DAC28240A4B7400983187 /* Album.swift in Sources */,
				680DAC2A240A4E6000983187 /* ServiceManager.swift in Sources */,
			);
			runOnlyForDeploymentPostprocessing = 0;
		};
/* End PBXSourcesBuildPhase section */

/* Begin XCBuildConfiguration section */
		680DAC20240A1C3600983187 /* Debug */ = {
			isa = XCBuildConfiguration;
			buildSettings = {
				ALWAYS_SEARCH_USER_PATHS = NO;
				CLANG_ANALYZER_NONNULL = YES;
				CLANG_ANALYZER_NUMBER_OBJECT_CONVERSION = YES_AGGRESSIVE;
				CLANG_CXX_LANGUAGE_STANDARD = "gnu++14";
				CLANG_CXX_LIBRARY = "libc++";
				CLANG_ENABLE_MODULES = YES;
				CLANG_ENABLE_OBJC_ARC = YES;
				CLANG_ENABLE_OBJC_WEAK = YES;
				CLANG_WARN_BLOCK_CAPTURE_AUTORELEASING = YES;
				CLANG_WARN_BOOL_CONVERSION = YES;
				CLANG_WARN_COMMA = YES;
				CLANG_WARN_CONSTANT_CONVERSION = YES;
				CLANG_WARN_DEPRECATED_OBJC_IMPLEMENTATIONS = YES;
				CLANG_WARN_DIRECT_OBJC_ISA_USAGE = YES_ERROR;
				CLANG_WARN_DOCUMENTATION_COMMENTS = YES;
				CLANG_WARN_EMPTY_BODY = YES;
				CLANG_WARN_ENUM_CONVERSION = YES;
				CLANG_WARN_INFINITE_RECURSION = YES;
				CLANG_WARN_INT_CONVERSION = YES;
				CLANG_WARN_NON_LITERAL_NULL_CONVERSION = YES;
				CLANG_WARN_OBJC_IMPLICIT_RETAIN_SELF = YES;
				CLANG_WARN_OBJC_LITERAL_CONVERSION = YES;
				CLANG_WARN_OBJC_ROOT_CLASS = YES_ERROR;
				CLANG_WARN_RANGE_LOOP_ANALYSIS = YES;
				CLANG_WARN_STRICT_PROTOTYPES = YES;
				CLANG_WARN_SUSPICIOUS_MOVE = YES;
				CLANG_WARN_UNGUARDED_AVAILABILITY = YES_AGGRESSIVE;
				CLANG_WARN_UNREACHABLE_CODE = YES;
				CLANG_WARN__DUPLICATE_METHOD_MATCH = YES;
				CODE_SIGN_IDENTITY = "iPhone Developer";
				COPY_PHASE_STRIP = NO;
				DEBUG_INFORMATION_FORMAT = dwarf;
				ENABLE_STRICT_OBJC_MSGSEND = YES;
				ENABLE_TESTABILITY = YES;
				GCC_C_LANGUAGE_STANDARD = gnu11;
				GCC_DYNAMIC_NO_PIC = NO;
				GCC_NO_COMMON_BLOCKS = YES;
				GCC_OPTIMIZATION_LEVEL = 0;
				GCC_PREPROCESSOR_DEFINITIONS = (
					"DEBUG=1",
					"$(inherited)",
				);
				GCC_WARN_64_TO_32_BIT_CONVERSION = YES;
				GCC_WARN_ABOUT_RETURN_TYPE = YES_ERROR;
				GCC_WARN_UNDECLARED_SELECTOR = YES;
				GCC_WARN_UNINITIALIZED_AUTOS = YES_AGGRESSIVE;
				GCC_WARN_UNUSED_FUNCTION = YES;
				GCC_WARN_UNUSED_VARIABLE = YES;
				IPHONEOS_DEPLOYMENT_TARGET = 12.2;
				MTL_ENABLE_DEBUG_INFO = INCLUDE_SOURCE;
				MTL_FAST_MATH = YES;
				ONLY_ACTIVE_ARCH = YES;
				SDKROOT = iphoneos;
				SWIFT_ACTIVE_COMPILATION_CONDITIONS = DEBUG;
				SWIFT_OPTIMIZATION_LEVEL = "-Onone";
			};
			name = Debug;
		};
		680DAC21240A1C3600983187 /* Release */ = {
			isa = XCBuildConfiguration;
			buildSettings = {
				ALWAYS_SEARCH_USER_PATHS = NO;
				CLANG_ANALYZER_NONNULL = YES;
				CLANG_ANALYZER_NUMBER_OBJECT_CONVERSION = YES_AGGRESSIVE;
				CLANG_CXX_LANGUAGE_STANDARD = "gnu++14";
				CLANG_CXX_LIBRARY = "libc++";
				CLANG_ENABLE_MODULES = YES;
				CLANG_ENABLE_OBJC_ARC = YES;
				CLANG_ENABLE_OBJC_WEAK = YES;
				CLANG_WARN_BLOCK_CAPTURE_AUTORELEASING = YES;
				CLANG_WARN_BOOL_CONVERSION = YES;
				CLANG_WARN_COMMA = YES;
				CLANG_WARN_CONSTANT_CONVERSION = YES;
				CLANG_WARN_DEPRECATED_OBJC_IMPLEMENTATIONS = YES;
				CLANG_WARN_DIRECT_OBJC_ISA_USAGE = YES_ERROR;
				CLANG_WARN_DOCUMENTATION_COMMENTS = YES;
				CLANG_WARN_EMPTY_BODY = YES;
				CLANG_WARN_ENUM_CONVERSION = YES;
				CLANG_WARN_INFINITE_RECURSION = YES;
				CLANG_WARN_INT_CONVERSION = YES;
				CLANG_WARN_NON_LITERAL_NULL_CONVERSION = YES;
				CLANG_WARN_OBJC_IMPLICIT_RETAIN_SELF = YES;
				CLANG_WARN_OBJC_LITERAL_CONVERSION = YES;
				CLANG_WARN_OBJC_ROOT_CLASS = YES_ERROR;
				CLANG_WARN_RANGE_LOOP_ANALYSIS = YES;
				CLANG_WARN_STRICT_PROTOTYPES = YES;
				CLANG_WARN_SUSPICIOUS_MOVE = YES;
				CLANG_WARN_UNGUARDED_AVAILABILITY = YES_AGGRESSIVE;
				CLANG_WARN_UNREACHABLE_CODE = YES;
				CLANG_WARN__DUPLICATE_METHOD_MATCH = YES;
				CODE_SIGN_IDENTITY = "iPhone Developer";
				COPY_PHASE_STRIP = NO;
				DEBUG_INFORMATION_FORMAT = "dwarf-with-dsym";
				ENABLE_NS_ASSERTIONS = NO;
				ENABLE_STRICT_OBJC_MSGSEND = YES;
				GCC_C_LANGUAGE_STANDARD = gnu11;
				GCC_NO_COMMON_BLOCKS = YES;
				GCC_WARN_64_TO_32_BIT_CONVERSION = YES;
				GCC_WARN_ABOUT_RETURN_TYPE = YES_ERROR;
				GCC_WARN_UNDECLARED_SELECTOR = YES;
				GCC_WARN_UNINITIALIZED_AUTOS = YES_AGGRESSIVE;
				GCC_WARN_UNUSED_FUNCTION = YES;
				GCC_WARN_UNUSED_VARIABLE = YES;
				IPHONEOS_DEPLOYMENT_TARGET = 12.2;
				MTL_ENABLE_DEBUG_INFO = NO;
				MTL_FAST_MATH = YES;
				SDKROOT = iphoneos;
				SWIFT_COMPILATION_MODE = wholemodule;
				SWIFT_OPTIMIZATION_LEVEL = "-O";
				VALIDATE_PRODUCT = YES;
			};
			name = Release;
		};
		680DAC23240A1C3600983187 /* Debug */ = {
			isa = XCBuildConfiguration;
			buildSettings = {
				ASSETCATALOG_COMPILER_APPICON_NAME = AppIcon;
				CODE_SIGN_STYLE = Automatic;
				DEVELOPMENT_TEAM = YTXXCZ657L;
				INFOPLIST_FILE = AppleMusicSample/Info.plist;
				LD_RUNPATH_SEARCH_PATHS = (
					"$(inherited)",
					"@executable_path/Frameworks",
				);
				PRODUCT_BUNDLE_IDENTIFIER = com.apple.nike.AppleMusicSample;
				PRODUCT_NAME = "$(TARGET_NAME)";
				SWIFT_VERSION = 5.0;
				TARGETED_DEVICE_FAMILY = "1,2";
			};
			name = Debug;
		};
		680DAC24240A1C3600983187 /* Release */ = {
			isa = XCBuildConfiguration;
			buildSettings = {
				ASSETCATALOG_COMPILER_APPICON_NAME = AppIcon;
				CODE_SIGN_STYLE = Automatic;
				DEVELOPMENT_TEAM = YTXXCZ657L;
				INFOPLIST_FILE = AppleMusicSample/Info.plist;
				LD_RUNPATH_SEARCH_PATHS = (
					"$(inherited)",
					"@executable_path/Frameworks",
				);
				PRODUCT_BUNDLE_IDENTIFIER = com.apple.nike.AppleMusicSample;
				PRODUCT_NAME = "$(TARGET_NAME)";
				SWIFT_VERSION = 5.0;
				TARGETED_DEVICE_FAMILY = "1,2";
			};
			name = Release;
		};
/* End XCBuildConfiguration section */

/* Begin XCConfigurationList section */
		680DAC0B240A1C3500983187 /* Build configuration list for PBXProject "AppleMusicSample" */ = {
			isa = XCConfigurationList;
			buildConfigurations = (
				680DAC20240A1C3600983187 /* Debug */,
				680DAC21240A1C3600983187 /* Release */,
			);
			defaultConfigurationIsVisible = 0;
			defaultConfigurationName = Release;
		};
		680DAC22240A1C3600983187 /* Build configuration list for PBXNativeTarget "AppleMusicSample" */ = {
			isa = XCConfigurationList;
			buildConfigurations = (
				680DAC23240A1C3600983187 /* Debug */,
				680DAC24240A1C3600983187 /* Release */,
			);
			defaultConfigurationIsVisible = 0;
			defaultConfigurationName = Release;
		};
/* End XCConfigurationList section */
	};
	rootObject = 680DAC08240A1C3500983187 /* Project object */;
}
